{
  "lockfileVersion": 1,
  "workspaces": {
    "": {
      "dependencies": {
        "@graphile/pg-aggregates": "^0.2.0-beta.7",
        "@graphile/simplify-inflection": "^8.0.0-beta.6",
        "postgraphile": "^5.0.0-beta.38",
        "postgraphile-plugin-connection-filter": "^3.0.0-beta.7",
      },
    },
  },
  "packages": {
    "@dataplan/json": ["@dataplan/json@0.0.1-beta.29", "", { "dependencies": { "chalk": "^4.1.2", "tslib": "^2.6.2" }, "peerDependencies": { "grafast": "^0.1.1-beta.20" } }, "sha512-UguV9GF7WPTlA2RpdMIAtOnzLDTltUxZA8s4ccYNZL0sddVAyjRoygO1TyMT5ZHFMZxlywksdo6pBnjXNPZwpQ=="],

    "@dataplan/pg": ["@dataplan/pg@0.0.1-beta.31", "", { "dependencies": { "@graphile/lru": "^5.0.0-beta.3", "@types/node": "^20.5.7", "chalk": "^4.1.2", "debug": "^4.3.4", "eventemitter3": "^5.0.1", "pg-sql2": "^5.0.0-beta.7", "postgres-array": "~3.0.2", "postgres-range": "^1.1.3", "tslib": "^2.6.2" }, "peerDependencies": { "@dataplan/json": "^0.0.1-beta.29", "grafast": "^0.1.1-beta.20", "graphile-config": "^0.0.1-beta.14", "pg": "^8.7.1" }, "optionalPeers": ["graphile-config", "pg"] }, "sha512-DTlMwWJdJjW2RFbsu70FT9tPVAcC6GywUZTSsAU0GSNi8LQ2y65Y32mWGuxPqrd4LpmqxHvxj9C2QbLc5UC++A=="],

    "@emotion/is-prop-valid": ["@emotion/is-prop-valid@1.3.1", "", { "dependencies": { "@emotion/memoize": "^0.9.0" } }, "sha512-/ACwoqx7XQi9knQs/G0qKvv5teDMhD7bXYns9N/wM8ah8iNb8jZ2uNO0YOgiq2o2poIvVtJS2YALasQuMSQ7Kw=="],

    "@emotion/memoize": ["@emotion/memoize@0.9.0", "", {}, "sha512-30FAj7/EoJ5mwVPOWhAyCX+FPfMDrVecJAM+Iw9NRoSl4BBAQeqj4cApHHUXOVvIPgLVDsCFoz/hGD+5QQD1GQ=="],

    "@graphile/lru": ["@graphile/lru@5.0.0-beta.3", "", { "dependencies": { "tslib": "^2.6.2" } }, "sha512-atoHRmLuYMCoMeCjS1pIA442eqAHwFZ3+bnjm3Mn+kAvujyXzGs8uup39gfmMgxOFjRAPNmPEiPw2oJUbOk65Q=="],

    "@graphile/pg-aggregates": ["@graphile/pg-aggregates@0.2.0-beta.7", "", { "peerDependencies": { "graphile-build": "^5.0.0-beta.27", "graphile-build-pg": "^5.0.0-beta.31", "graphql": "^16.1.0-experimental-stream-defer.6" }, "optionalPeers": ["graphile-build", "graphile-build-pg", "graphql"] }, "sha512-XaVAzlB1S1UzAmet7dZcoW3AnDGT2qrQqXCRIGJKeu7i76D/SIR5hZs+mytYOjfwuJsHsBBDtmlRORMaUKkJxw=="],

    "@graphile/simplify-inflection": ["@graphile/simplify-inflection@8.0.0-beta.6", "", {}, "sha512-GFfQtUgX3yLj3XWY9vHrhOfkkCdoW2oqJgJdjQs3qYKqTHViKFch91NguUnw3z+4X1DgYb+qx10leTo+tZ+UeA=="],

    "@tsconfig/node20": ["@tsconfig/node20@20.1.4", "", {}, "sha512-sqgsT69YFeLWf5NtJ4Xq/xAF8p4ZQHlmGW74Nu2tD4+g5fAsposc4ZfaaPixVu4y01BEiDCWLRDCvDM5JOsRxg=="],

    "@types/interpret": ["@types/interpret@1.1.3", "", { "dependencies": { "@types/node": "*" } }, "sha512-uBaBhj/BhilG58r64mtDb/BEdH51HIQLgP5bmWzc5qCtFMja8dCk/IOJmk36j0lbi9QHwI6sbtUNGuqXdKCAtQ=="],

    "@types/node": ["@types/node@20.17.19", "", { "dependencies": { "undici-types": "~6.19.2" } }, "sha512-LEwC7o1ifqg/6r2gn9Dns0f1rhK+fPFDoMiceTJ6kWmVk6bgXBI/9IOWfVan4WiAavK9pIVWdX0/e3J+eEUh5A=="],

    "@types/pg": ["@types/pg@8.11.11", "", { "dependencies": { "@types/node": "*", "pg-protocol": "*", "pg-types": "^4.0.1" } }, "sha512-kGT1qKM8wJQ5qlawUrEkXgvMSXoV213KfMGXcwfDwUIfUHXqXYXOfS1nE1LINRJVVVx5wCm70XnFlMHaIcQAfw=="],

    "@types/pluralize": ["@types/pluralize@0.0.30", "", {}, "sha512-kVww6xZrW/db5BR9OqiT71J9huRdQ+z/r+LbDuT7/EK50mCmj5FoaIARnVv0rvjUS/YpDox0cDU9lpQT011VBA=="],

    "@types/semver": ["@types/semver@7.5.8", "", {}, "sha512-I8EUhyrgfLrcTkzV3TSsGyl1tSuPrEDzr0yd5m90UgNxQkyDXULk3b6MlQqTCpZpNtWe1K0hzclnZkTcLBe2UQ=="],

    "ansi-regex": ["ansi-regex@5.0.1", "", {}, "sha512-quJQXlTSUGL2LH9SUXo8VwsY4soanhgo6LNSm84E1LBcE8s3O0wpdiRzyR9z/ZZJMlMWv37qOOb9pdJlMUEKFQ=="],

    "ansi-styles": ["ansi-styles@4.3.0", "", { "dependencies": { "color-convert": "^2.0.1" } }, "sha512-zbB9rCJAT1rbjiVDb2hqKFHNYLxgtk8NURxZ3IZwD3F6NtxbXZQCnnSi1Lkx+IDohdPlFp222wVALIheZJQSEg=="],

    "buffer-equal-constant-time": ["buffer-equal-constant-time@1.0.1", "", {}, "sha512-zRpUiDwd/xk6ADqPMATG8vc9VPrkck7T07OIx0gnjmJAnHnTVXNQG3vfvWNuiZIkwu9KrKdA1iJKfsfTVxE6NA=="],

    "chalk": ["chalk@4.1.2", "", { "dependencies": { "ansi-styles": "^4.1.0", "supports-color": "^7.1.0" } }, "sha512-oKnbhFyRIXpUuez8iBMmyEa4nbj4IOQyuhc/wy9kY7/WVPcwIO9VA668Pu8RkO7+0G76SLROeyw9CpQ061i4mA=="],

    "cliui": ["cliui@8.0.1", "", { "dependencies": { "string-width": "^4.2.0", "strip-ansi": "^6.0.1", "wrap-ansi": "^7.0.0" } }, "sha512-BSeNnyus75C4//NQ9gQt1/csTXyo/8Sb+afLAkzAptFuMsod9HFokGNudZpi/oQV73hnVK+sR+5PVRMd+Dr7YQ=="],

    "color-convert": ["color-convert@2.0.1", "", { "dependencies": { "color-name": "~1.1.4" } }, "sha512-RRECPsj7iu/xb5oKYcsFHSppFNnsj/52OVTRKb4zP5onXwVF3zVmmToNcOfGC+CRDpfK/U584fMg38ZHCaElKQ=="],

    "color-name": ["color-name@1.1.4", "", {}, "sha512-dOy+3AuW3a2wNbZHIuMZpTcgjGuLU/uBL/ubcZF9OXbDo8ff4O8yVp5Bf0efS8uEoYo5q4Fx7dY9OgQGXgAsQA=="],

    "debug": ["debug@4.4.0", "", { "dependencies": { "ms": "^2.1.3" } }, "sha512-6WTZ/IxCY/T6BALoZHaE4ctp9xm+Z5kY/pzYaCHRFeyVhojxlrm+46y68HA6hr0TcwEssoxNiDEUJQjfPZ/RYA=="],

    "ecdsa-sig-formatter": ["ecdsa-sig-formatter@1.0.11", "", { "dependencies": { "safe-buffer": "^5.0.1" } }, "sha512-nagl3RYrbNv6kQkeJIpt6NJZy8twLB/2vtz6yN9Z4vRKHN4/QZJIEbqohALSgwKdnksuY3k5Addp5lg8sVoVcQ=="],

    "emoji-regex": ["emoji-regex@8.0.0", "", {}, "sha512-MSjYzcWNOA0ewAHpz0MxpYFvwg6yjy1NG3xteoqz644VCo/RPgnr1/GGt+ic3iJTzQ8Eu3TdM14SawnVUmGE6A=="],

    "escalade": ["escalade@3.2.0", "", {}, "sha512-WUj2qlxaQtO4g6Pq5c29GTcWGDyd8itL8zTlipgECz3JesAiiOKotd8JU6otB3PACgG6xkJUyVhboMS+bje/jA=="],

    "eventemitter3": ["eventemitter3@5.0.1", "", {}, "sha512-GWkBvjiSZK87ELrYOSESUYeVIc9mvLLf/nXalMOS5dYrgZq9o5OVkbZAVM06CVxYsCwH9BDZFPlQTlPA1j4ahA=="],

    "follow-redirects": ["follow-redirects@1.15.9", "", {}, "sha512-gew4GsXizNgdoRyqmyfMHyAmXsZDk6mHkSxZFCzW9gwlbtOW44CDtYavM+y+72qD/Vq2l550kMF52DT8fOLJqQ=="],

    "get-caller-file": ["get-caller-file@2.0.5", "", {}, "sha512-DyFP3BM/3YHTQOCUL/w0OZHR0lpKeGrxotcHWcqNEdnltqFwXVfhEBQ94eIo34AfQpo0rGki4cyIiftY06h2Fg=="],

    "grafast": ["grafast@0.1.1-beta.20", "", { "dependencies": { "@graphile/lru": "^5.0.0-beta.3", "chalk": "^4.1.2", "debug": "^4.3.4", "eventemitter3": "^5.0.1", "graphile-config": "^0.0.1-beta.14", "graphql": "^16.1.0-experimental-stream-defer.6", "iterall": "^1.3.0", "tamedevil": "^0.0.0-beta.7", "tslib": "^2.6.2" }, "peerDependencies": { "@envelop/core": "^5.0.0" }, "optionalPeers": ["@envelop/core"] }, "sha512-Nv8oS80RmWnp3EQd96qEG4ID/fKShmMbXC45OsEChZeW1KZjwV20ueWF35v5j6+XSS7xJAPTib13ayEbWU3oXA=="],

    "grafserv": ["grafserv@0.1.1-beta.22", "", { "dependencies": { "@graphile/lru": "^5.0.0-beta.3", "debug": "^4.3.4", "eventemitter3": "^5.0.1", "graphile-config": "^0.0.1-beta.14", "graphql-ws": "^5.14.0", "ruru": "^2.0.0-beta.20", "tslib": "^2.6.2" }, "peerDependencies": { "@envelop/core": "^5.0.0", "grafast": "^0.1.1-beta.20", "graphql": "^16.1.0-experimental-stream-defer.6", "h3": "^1.13.0", "ws": "^8.12.1" }, "optionalPeers": ["@envelop/core", "h3", "ws"] }, "sha512-5nq5Z+lvko65pghl3+0IM59hOnYipgotQbwPAFydBTKhJqdZM06q/aucJucaJpvZ8S2yz5yG+vhruz/6690jjw=="],

    "graphile-build": ["graphile-build@5.0.0-beta.32", "", { "dependencies": { "@types/node": "^20.5.7", "@types/pluralize": "^0.0.30", "@types/semver": "^7.5.1", "chalk": "^4.1.2", "debug": "^4.3.4", "graphile-config": "^0.0.1-beta.14", "graphql": "^16.1.0-experimental-stream-defer.6", "lodash": "^4.17.21", "pluralize": "^7.0.0", "semver": "^7.5.4", "tamedevil": "^0.0.0-beta.7", "tslib": "^2.6.2" }, "peerDependencies": { "grafast": "^0.1.1-beta.20" } }, "sha512-wKIXvhdqbZTuqNvm8DLDwmoc0qsaCPkVF7YO+hacmp/xR8q0/Mw0dm3vOIB0s6nbLrrMVn9/Q5+DohvsFVTTsQ=="],

    "graphile-build-pg": ["graphile-build-pg@5.0.0-beta.37", "", { "dependencies": { "@types/node": "^20.5.7", "debug": "^4.3.4", "graphile-config": "^0.0.1-beta.14", "jsonwebtoken": "^9.0.2", "pg-introspection": "^0.0.1-beta.10", "tslib": "^2.6.2" }, "peerDependencies": { "@dataplan/pg": "^0.0.1-beta.31", "grafast": "^0.1.1-beta.20", "graphile-build": "5.0.0-beta.32", "graphql": "^16.1.0-experimental-stream-defer.6", "pg": "^8.7.1", "pg-sql2": "^5.0.0-beta.7", "tamedevil": "^0.0.0-beta.7" }, "optionalPeers": ["pg"] }, "sha512-rcQf4UKxbh3osstYTc1O2lVNUz0FN4ScicqsojZteNAPj50D+KkIC2PLKvVhA8zQHW/YyX+ADcvbu8dGXE+bQw=="],

    "graphile-config": ["graphile-config@0.0.1-beta.14", "", { "dependencies": { "@types/interpret": "^1.1.1", "@types/node": "^20.5.7", "@types/semver": "^7.5.1", "chalk": "^4.1.2", "debug": "^4.3.4", "interpret": "^3.1.1", "semver": "^7.5.4", "tslib": "^2.6.2", "yargs": "^17.7.2" } }, "sha512-3FlhyRKz4LvIbY4AXn4EI8DSTdSYsg0WRfX6U9QeytGta9aiefF1QqSiC1ocXUlNJUMBfm28dy0eL669ljYRwg=="],

    "graphile-utils": ["graphile-utils@5.0.0-beta.37", "", { "dependencies": { "debug": "^4.3.4", "json5": "^2.2.3", "tslib": "^2.6.2" }, "peerDependencies": { "@dataplan/pg": "^0.0.1-beta.31", "grafast": "^0.1.1-beta.20", "graphile-build": "^5.0.0-beta.32", "graphile-build-pg": "^5.0.0-beta.37", "graphile-config": "^0.0.1-beta.14", "graphql": "^16.1.0-experimental-stream-defer.6", "tamedevil": "^0.0.0-beta.7" }, "optionalPeers": ["@dataplan/pg", "graphile-build-pg"] }, "sha512-g6Y7mPur5lq2nL4eSu42D2zRZ6pNSlV1REa2strjWyO1VTyoIYdigK7zL93ln/7+KbDUOIu3d9PJwopDCWB9qQ=="],

    "graphql": ["graphql@16.10.0", "", {}, "sha512-AjqGKbDGUFRKIRCP9tCKiIGHyriz2oHEbPIbEtcSLSs4YjReZOIPQQWek4+6hjw62H9QShXHyaGivGiYVLeYFQ=="],

    "graphql-ws": ["graphql-ws@5.16.2", "", { "peerDependencies": { "graphql": ">=0.11 <=16" } }, "sha512-E1uccsZxt/96jH/OwmLPuXMACILs76pKF2i3W861LpKBCYtGIyPQGtWLuBLkND4ox1KHns70e83PS4te50nvPQ=="],

    "has-flag": ["has-flag@4.0.0", "", {}, "sha512-EykJT/Q1KjTWctppgIAgfSO0tKVuZUjhgMr17kqTumMl6Afv3EISleU7qZUzoXDFTAHTDC4NOoG/ZxU3EvlMPQ=="],

    "http-proxy": ["http-proxy@1.18.1", "", { "dependencies": { "eventemitter3": "^4.0.0", "follow-redirects": "^1.0.0", "requires-port": "^1.0.0" } }, "sha512-7mz/721AbnJwIVbnaSv1Cz3Am0ZLT/UBwkC92VlxhXv/k/BBQfM2fXElQNC27BVGr0uwUpplYPQM9LnaBMR5NQ=="],

    "interpret": ["interpret@3.1.1", "", {}, "sha512-6xwYfHbajpoF0xLW+iwLkhwgvLoZDfjYfoFNu8ftMoXINzwuymNLd9u/KmwtdT2GbR+/Cz66otEGEVVUHX9QLQ=="],

    "is-fullwidth-code-point": ["is-fullwidth-code-point@3.0.0", "", {}, "sha512-zymm5+u+sCsSWyD9qNaejV3DFvhCKclKdizYaJUuHA83RLjb7nSuGnddCHGv0hk+KY7BMAlsWeK4Ueg6EV6XQg=="],

    "iterall": ["iterall@1.3.0", "", {}, "sha512-QZ9qOMdF+QLHxy1QIpUHUU1D5pS2CG2P69LF6L6CPjPYA/XMOmKV3PZpawHoAjHNyB0swdVTRxdYT4tbBbxqwg=="],

    "json5": ["json5@2.2.3", "", { "bin": { "json5": "lib/cli.js" } }, "sha512-XmOWe7eyHYH14cLdVPoyg+GOH3rYX++KpzrylJwSW98t3Nk+U8XOl8FWKOgwtzdb8lXGf6zYwDUzeHMWfxasyg=="],

    "jsonwebtoken": ["jsonwebtoken@9.0.2", "", { "dependencies": { "jws": "^3.2.2", "lodash.includes": "^4.3.0", "lodash.isboolean": "^3.0.3", "lodash.isinteger": "^4.0.4", "lodash.isnumber": "^3.0.3", "lodash.isplainobject": "^4.0.6", "lodash.isstring": "^4.0.1", "lodash.once": "^4.0.0", "ms": "^2.1.1", "semver": "^7.5.4" } }, "sha512-PRp66vJ865SSqOlgqS8hujT5U4AOgMfhrwYIuIhfKaoSCZcirrmASQr8CX7cUg+RMih+hgznrjp99o+W4pJLHQ=="],

    "jwa": ["jwa@1.4.1", "", { "dependencies": { "buffer-equal-constant-time": "1.0.1", "ecdsa-sig-formatter": "1.0.11", "safe-buffer": "^5.0.1" } }, "sha512-qiLX/xhEEFKUAJ6FiBMbes3w9ATzyk5W7Hvzpa/SLYdxNtng+gcurvrI7TbACjIXlsJyr05/S1oUhZrc63evQA=="],

    "jws": ["jws@3.2.2", "", { "dependencies": { "jwa": "^1.4.1", "safe-buffer": "^5.0.1" } }, "sha512-YHlZCB6lMTllWDtSPHz/ZXTsi8S00usEV6v1tjq8tOUZzw7DpSDWVXjXDre6ed1w/pd495ODpHZYSdkRTsa0HA=="],

    "lodash": ["lodash@4.17.21", "", {}, "sha512-v2kDEe57lecTulaDIuNTPy3Ry4gLGJ6Z1O3vE1krgXZNrsQ+LFTGHVxVjcXPs17LhbZVGedAJv8XZ1tvj5FvSg=="],

    "lodash.includes": ["lodash.includes@4.3.0", "", {}, "sha512-W3Bx6mdkRTGtlJISOvVD/lbqjTlPPUDTMnlXZFnVwi9NKJ6tiAk6LVdlhZMm17VZisqhKcgzpO5Wz91PCt5b0w=="],

    "lodash.isboolean": ["lodash.isboolean@3.0.3", "", {}, "sha512-Bz5mupy2SVbPHURB98VAcw+aHh4vRV5IPNhILUCsOzRmsTmSQ17jIuqopAentWoehktxGd9e/hbIXq980/1QJg=="],

    "lodash.isinteger": ["lodash.isinteger@4.0.4", "", {}, "sha512-DBwtEWN2caHQ9/imiNeEA5ys1JoRtRfY3d7V9wkqtbycnAmTvRRmbHKDV4a0EYc678/dia0jrte4tjYwVBaZUA=="],

    "lodash.isnumber": ["lodash.isnumber@3.0.3", "", {}, "sha512-QYqzpfwO3/CWf3XP+Z+tkQsfaLL/EnUlXWVkIk5FUPc4sBdTehEqZONuyRt2P67PXAk+NXmTBcc97zw9t1FQrw=="],

    "lodash.isplainobject": ["lodash.isplainobject@4.0.6", "", {}, "sha512-oSXzaWypCMHkPC3NvBEaPHf0KsA5mvPrOPgQWDsbg8n7orZ290M0BmC/jgRZ4vcJ6DTAhjrsSYgdsW/F+MFOBA=="],

    "lodash.isstring": ["lodash.isstring@4.0.1", "", {}, "sha512-0wJxfxH1wgO3GrbuP+dTTk7op+6L41QCXbGINEmD+ny/G/eCqGzxyCsh7159S+mgDDcoarnBw6PC1PS5+wUGgw=="],

    "lodash.once": ["lodash.once@4.1.1", "", {}, "sha512-Sb487aTOCr9drQVL8pIxOzVhafOjZN9UU54hiN8PU3uAiSV7lx1yYNpbNmex2PK6dSJoNTSJUUswT651yww3Mg=="],

    "ms": ["ms@2.1.3", "", {}, "sha512-6FlzubTLZG3J2a/NVCAleEhjzq5oxgHyaCU9yYXvcLsvoVaHJq/s5xXI6/XXP6tz7R9xAOtHnSO/tXtF3WRTlA=="],

    "obuf": ["obuf@1.1.2", "", {}, "sha512-PX1wu0AmAdPqOL1mWhqmlOd8kOIZQwGZw6rh7uby9fTc5lhaOWFLX3I6R1hrF9k3zUY40e6igsLGkDXK92LJNg=="],

    "pg": ["pg@8.13.3", "", { "dependencies": { "pg-connection-string": "^2.7.0", "pg-pool": "^3.7.1", "pg-protocol": "^1.7.1", "pg-types": "^2.1.0", "pgpass": "1.x" }, "optionalDependencies": { "pg-cloudflare": "^1.1.1" }, "peerDependencies": { "pg-native": ">=3.0.1" }, "optionalPeers": ["pg-native"] }, "sha512-P6tPt9jXbL9HVu/SSRERNYaYG++MjnscnegFh9pPHihfoBSujsrka0hyuymMzeJKFWrcG8wvCKy8rCe8e5nDUQ=="],

    "pg-cloudflare": ["pg-cloudflare@1.1.1", "", {}, "sha512-xWPagP/4B6BgFO+EKz3JONXv3YDgvkbVrGw2mTo3D6tVDQRh1e7cqVGvyR3BE+eQgAvx1XhW/iEASj4/jCWl3Q=="],

    "pg-connection-string": ["pg-connection-string@2.7.0", "", {}, "sha512-PI2W9mv53rXJQEOb8xNR8lH7Hr+EKa6oJa38zsK0S/ky2er16ios1wLKhZyxzD7jUReiWokc9WK5nxSnC7W1TA=="],

    "pg-int8": ["pg-int8@1.0.1", "", {}, "sha512-WCtabS6t3c8SkpDBUlb1kjOs7l66xsGdKpIPZsg4wR+B3+u9UAum2odSsF9tnvxg80h4ZxLWMy4pRjOsFIqQpw=="],

    "pg-introspection": ["pg-introspection@0.0.1-beta.10", "", { "dependencies": { "tslib": "^2.6.2" } }, "sha512-C+z6/eFjD2YGlku0PqKTBMP2ONbpJqhMHv9nMI76o9rP8WX4pfx0I34Kh86sK9f49tqfrYG2Tj9VPIXIQRSwEA=="],

    "pg-numeric": ["pg-numeric@1.0.2", "", {}, "sha512-BM/Thnrw5jm2kKLE5uJkXqqExRUY/toLHda65XgFTBTFYZyopbKjBe29Ii3RbkvlsMoFwD+tHeGaCjjv0gHlyw=="],

    "pg-pool": ["pg-pool@3.7.1", "", { "peerDependencies": { "pg": ">=8.0" } }, "sha512-xIOsFoh7Vdhojas6q3596mXFsR8nwBQBXX5JiV7p9buEVAGqYL4yFzclON5P9vFrpu1u7Zwl2oriyDa89n0wbw=="],

    "pg-protocol": ["pg-protocol@1.7.1", "", {}, "sha512-gjTHWGYWsEgy9MsY0Gp6ZJxV24IjDqdpTW7Eh0x+WfJLFsm/TJx1MzL6T0D88mBvkpxotCQ6TwW6N+Kko7lhgQ=="],

    "pg-sql2": ["pg-sql2@5.0.0-beta.7", "", { "dependencies": { "@graphile/lru": "^5.0.0-beta.3", "tslib": "^2.6.2" } }, "sha512-rXpjk2akonXBR6jkQUbZuYcOOmoMslPasqqSJW4Hwox+ooSJ0ybjsPnExyPkCPhVFxGPmE4XfBlj0SWeRL6IDw=="],

    "pg-types": ["pg-types@4.0.2", "", { "dependencies": { "pg-int8": "1.0.1", "pg-numeric": "1.0.2", "postgres-array": "~3.0.1", "postgres-bytea": "~3.0.0", "postgres-date": "~2.1.0", "postgres-interval": "^3.0.0", "postgres-range": "^1.1.1" } }, "sha512-cRL3JpS3lKMGsKaWndugWQoLOCoP+Cic8oseVcbr0qhPzYD5DWXK+RZ9LY9wxRf7RQia4SCwQlXk0q6FCPrVng=="],

    "pgpass": ["pgpass@1.0.5", "", { "dependencies": { "split2": "^4.1.0" } }, "sha512-FdW9r/jQZhSeohs1Z3sI1yxFQNFvMcnmfuj4WBMUTxOrAyLMaTcE1aAMBiTlbMNaXvBCQuVi0R7hd8udDSP7ug=="],

    "pluralize": ["pluralize@7.0.0", "", {}, "sha512-ARhBOdzS3e41FbkW/XWrTEtukqqLoK5+Z/4UeDaLuSW+39JPeFgs4gCGqsrJHVZX0fUrx//4OF0K1CUGwlIFow=="],

    "postgraphile": ["postgraphile@5.0.0-beta.38", "", { "dependencies": { "@dataplan/json": "0.0.1-beta.29", "@dataplan/pg": "0.0.1-beta.31", "@graphile/lru": "^5.0.0-beta.3", "@types/node": "^20.5.7", "@types/pg": "^8.10.2", "debug": "^4.3.4", "grafast": "^0.1.1-beta.20", "grafserv": "^0.1.1-beta.22", "graphile-build": "5.0.0-beta.32", "graphile-build-pg": "5.0.0-beta.37", "graphile-config": "^0.0.1-beta.14", "graphile-utils": "^5.0.0-beta.37", "graphql": "^16.1.0-experimental-stream-defer.6", "iterall": "^1.3.0", "jsonwebtoken": "^9.0.2", "pg": "^8.11.3", "pg-sql2": "^5.0.0-beta.7", "tamedevil": "^0.0.0-beta.7", "tslib": "^2.6.2", "ws": "^8.17.1" }, "peerDependencies": { "@envelop/core": "^5.0.0" }, "optionalPeers": ["@envelop/core"], "bin": { "postgraphile": "dist/cli-run.js" } }, "sha512-TcN2jJxr95FPmFG6yH8fVnTQ31vGHIwPFTdzcHgmxdEp0CFdIygrc4N1S7nnxWKsH3JqK+5DaUfZWQPHRMj8nA=="],

    "postgraphile-plugin-connection-filter": ["postgraphile-plugin-connection-filter@3.0.0-beta.7", "", { "dependencies": { "@tsconfig/node20": "^20.1.4", "tslib": "^2.5.0" } }, "sha512-F18Q+8t9LRh4RMGkLEGOOKfb5dXzTg3QqD0/ViXNRN7MANR0PBL+pI6QMOLzPcxMCx5UsD62Rp8Lur2ShvG8GA=="],

    "postgres-array": ["postgres-array@3.0.2", "", {}, "sha512-6faShkdFugNQCLwucjPcY5ARoW1SlbnrZjmGl0IrrqewpvxvhSLHimCVzqeuULCbG0fQv7Dtk1yDbG3xv7Veog=="],

    "postgres-bytea": ["postgres-bytea@3.0.0", "", { "dependencies": { "obuf": "~1.1.2" } }, "sha512-CNd4jim9RFPkObHSjVHlVrxoVQXz7quwNFpz7RY1okNNme49+sVyiTvTRobiLV548Hx/hb1BG+iE7h9493WzFw=="],

    "postgres-date": ["postgres-date@2.1.0", "", {}, "sha512-K7Juri8gtgXVcDfZttFKVmhglp7epKb1K4pgrkLxehjqkrgPhfG6OO8LHLkfaqkbpjNRnra018XwAr1yQFWGcA=="],

    "postgres-interval": ["postgres-interval@3.0.0", "", {}, "sha512-BSNDnbyZCXSxgA+1f5UU2GmwhoI0aU5yMxRGO8CdFEcY2BQF9xm/7MqKnYoM1nJDk8nONNWDk9WeSmePFhQdlw=="],

    "postgres-range": ["postgres-range@1.1.4", "", {}, "sha512-i/hbxIE9803Alj/6ytL7UHQxRvZkI9O4Sy+J3HGc4F4oo/2eQAjTSNJ0bfxyse3bH0nuVesCk+3IRLaMtG3H6w=="],

    "require-directory": ["require-directory@2.1.1", "", {}, "sha512-fGxEI7+wsG9xrvdjsrlmL22OMTTiHRwAMroiEeMgq8gzoLC/PQr7RsRDSTLUg/bZAZtF+TVIkHc6/4RIKrui+Q=="],

    "requires-port": ["requires-port@1.0.0", "", {}, "sha512-KigOCHcocU3XODJxsu8i/j8T9tzT4adHiecwORRQ0ZZFcp7ahwXuRU1m+yuO90C5ZUyGeGfocHDI14M3L3yDAQ=="],

    "ruru": ["ruru@2.0.0-beta.20", "", { "dependencies": { "@emotion/is-prop-valid": "^1.2.1", "graphile-config": "^0.0.1-beta.14", "graphql": "^16.1.0-experimental-stream-defer.6", "http-proxy": "^1.18.1", "tslib": "^2.6.2", "yargs": "^17.7.2" }, "bin": { "ruru": "dist/cli-run.js" } }, "sha512-ogMIqWKfRGKXaR0iH08eIpiv91yBU5yiT2XlGYiDh/4wdiIw3lVugMtGXy/wIF1ZxpMqXVhNViO4uBIAmrgVdw=="],

    "safe-buffer": ["safe-buffer@5.2.1", "", {}, "sha512-rp3So07KcdmmKbGvgaNxQSJr7bGVSVk5S9Eq1F+ppbRo70+YeaDxkw5Dd8NPN+GD6bjnYm2VuPuCXmpuYvmCXQ=="],

    "semver": ["semver@7.7.1", "", { "bin": { "semver": "bin/semver.js" } }, "sha512-hlq8tAfn0m/61p4BVRcPzIGr6LKiMwo4VM6dGi6pt4qcRkmNzTcWq6eCEjEh+qXjkMDvPlOFFSGwQjoEa6gyMA=="],

    "split2": ["split2@4.2.0", "", {}, "sha512-UcjcJOWknrNkF6PLX83qcHM6KHgVKNkV62Y8a5uYDVv9ydGQVwAHMKqHdJje1VTWpljG0WYpCDhrCdAOYH4TWg=="],

    "string-width": ["string-width@4.2.3", "", { "dependencies": { "emoji-regex": "^8.0.0", "is-fullwidth-code-point": "^3.0.0", "strip-ansi": "^6.0.1" } }, "sha512-wKyQRQpjJ0sIp62ErSZdGsjMJWsap5oRNihHhu6G7JVO/9jIB6UyevL+tXuOqrng8j/cxKTWyWUwvSTriiZz/g=="],

    "strip-ansi": ["strip-ansi@6.0.1", "", { "dependencies": { "ansi-regex": "^5.0.1" } }, "sha512-Y38VPSHcqkFrCpFnQ9vuSXmquuv5oXOKpGeT6aGrr3o3Gc9AlVa6JBfUSOCnbxGGZF+/0ooI7KrPuUSztUdU5A=="],

    "supports-color": ["supports-color@7.2.0", "", { "dependencies": { "has-flag": "^4.0.0" } }, "sha512-qpCAvRl9stuOHveKsn7HncJRvv501qIacKzQlO/+Lwxc9+0q2wLyv4Dfvt80/DPn2pqOBsJdDiogXGR9+OvwRw=="],

    "tamedevil": ["tamedevil@0.0.0-beta.7", "", { "dependencies": { "@graphile/lru": "^5.0.0-beta.3", "tslib": "^2.6.2" } }, "sha512-58Y97vtQuCC5U35aQMcTgaBMaJiSrGftkQmVsbJDgoZ2oUVMrOonom6sIpxiBH+fmpNd85MuxxRnFNyT387QRA=="],

    "tslib": ["tslib@2.8.1", "", {}, "sha512-oJFu94HQb+KVduSUQL7wnpmqnfmLsOA/nAh6b6EH0wCEoK0/mPeXU6c3wKDV83MkOuHPRHtSXKKU99IBazS/2w=="],

    "undici-types": ["undici-types@6.19.8", "", {}, "sha512-ve2KP6f/JnbPBFyobGHuerC9g1FYGn/F8n1LWTwNxCEzd6IfqTwUQcNXgEtmmQ6DlRrC1hrSrBnCZPokRrDHjw=="],

    "wrap-ansi": ["wrap-ansi@7.0.0", "", { "dependencies": { "ansi-styles": "^4.0.0", "string-width": "^4.1.0", "strip-ansi": "^6.0.0" } }, "sha512-YVGIj2kamLSTxw6NsZjoBxfSwsn0ycdesmc4p+Q21c5zPuZ1pl+NfxVdxPtdHvmNVOQ6XSYG4AUtyt/Fi7D16Q=="],

    "ws": ["ws@8.18.1", "", { "peerDependencies": { "bufferutil": "^4.0.1", "utf-8-validate": ">=5.0.2" }, "optionalPeers": ["bufferutil", "utf-8-validate"] }, "sha512-RKW2aJZMXeMxVpnZ6bck+RswznaxmzdULiBr6KY7XkTnW8uvt0iT9H5DkHUChXrc+uurzwa0rVI16n/Xzjdz1w=="],

    "xtend": ["xtend@4.0.2", "", {}, "sha512-LKYU1iAXJXUgAXn9URjiu+MWhyUXHsvfp7mcuYm9dSUKK0/CjtrUwFAxD82/mCWbtLsGjFIad0wIsod4zrTAEQ=="],

    "y18n": ["y18n@5.0.8", "", {}, "sha512-0pfFzegeDWJHJIAmTLRP2DwHjdF5s7jo9tuztdQxAhINCdvS+3nGINqPd00AphqJR/0LhANUS6/+7SCb98YOfA=="],

    "yargs": ["yargs@17.7.2", "", { "dependencies": { "cliui": "^8.0.1", "escalade": "^3.1.1", "get-caller-file": "^2.0.5", "require-directory": "^2.1.1", "string-width": "^4.2.3", "y18n": "^5.0.5", "yargs-parser": "^21.1.1" } }, "sha512-7dSzzRQ++CKnNI/krKnYRV7JKKPUXMEh61soaHKg9mrWEhzFWhFnxPxGl+69cD1Ou63C13NUPCnmIcrvqCuM6w=="],

    "yargs-parser": ["yargs-parser@21.1.1", "", {}, "sha512-tVpsJW7DdjecAiFpbIB1e3qxIQsE6NoPc5/eTdrbbIC4h0LVsWhnoa3g+m2HclBIujHzsxZ4VJVA+GUuc2/LBw=="],

    "http-proxy/eventemitter3": ["eventemitter3@4.0.7", "", {}, "sha512-8guHBZCwKnFhYdHr2ysuRWErTwhoN2X8XELRlrRwpmfeY2jjuUN4taQMsULKUVo1K4DvZl+0pgfyoysHxvmvEw=="],

    "pg/pg-types": ["pg-types@2.2.0", "", { "dependencies": { "pg-int8": "1.0.1", "postgres-array": "~2.0.0", "postgres-bytea": "~1.0.0", "postgres-date": "~1.0.4", "postgres-interval": "^1.1.0" } }, "sha512-qTAAlrEsl8s4OiEQY69wDvcMIdQN6wdz5ojQiOy6YRMuynxenON0O5oCpJI6lshc6scgAY8qvJ2On/p+CXY0GA=="],

    "pg/pg-types/postgres-array": ["postgres-array@2.0.0", "", {}, "sha512-VpZrUqU5A69eQyW2c5CA1jtLecCsN2U/bD6VilrFDWq5+5UIEVO7nazS3TEcHf1zuPYO/sqGvUvW62g86RXZuA=="],

    "pg/pg-types/postgres-bytea": ["postgres-bytea@1.0.0", "", {}, "sha512-xy3pmLuQqRBZBXDULy7KbaitYqLcmxigw14Q5sj8QBVLqEwXfeybIKVWiqAXTlcvdvb0+xkOtDbfQMOf4lST1w=="],

    "pg/pg-types/postgres-date": ["postgres-date@1.0.7", "", {}, "sha512-suDmjLVQg78nMK2UZ454hAG+OAW+HQPZ6n++TNDUX+L0+uUlLywnoxJKDou51Zm+zTCjrCl0Nq6J9C5hP9vK/Q=="],

    "pg/pg-types/postgres-interval": ["postgres-interval@1.2.0", "", { "dependencies": { "xtend": "^4.0.0" } }, "sha512-9ZhXKM/rw350N1ovuWHbGxnGh/SNJ4cnxHiM0rxE4VN41wsg8P8zWn9hv/buK00RP4WvlOyr/RBDiptyxVbkZQ=="],
  }
}
